
Microsoft Visual Studio Solution File, Format Version 12.00
Project("{FAE04EC0-301F-11D3-BF4B-00C04F79EFBC}") = "TurboCollections", "TurboCollections\TurboCollections.csproj", "{1DF1E043-AC99-4B3B-82C5-11DE51D2AA46}"
EndProject
Project("{FAE04EC0-301F-11D3-BF4B-00C04F79EFBC}") = "CustomerManagement", "CustomerManagement\CustomerManagement.csproj", "{F336E00F-5FCC-4836-8EA4-9AEF9DF600F2}"
EndProject
Project("{FAE04EC0-301F-11D3-BF4B-00C04F79EFBC}") = "TurboCollections.Test", "TurboCollections.Test\TurboCollections.Test.csproj", "{E47B7F22-D436-4565-9E6D-03947A440113}"
EndProject
Global
	GlobalSection(SolutionConfigurationPlatforms) = preSolution
		Debug|Any CPU = Debug|Any CPU
		Release|Any CPU = Release|Any CPU
	EndGlobalSection
	GlobalSection(ProjectConfigurationPlatforms) = postSolution
		{1DF1E043-AC99-4B3B-82C5-11DE51D2AA46}.Debug|Any CPU.ActiveCfg = Debug|Any CPU
		{1DF1E043-AC99-4B3B-82C5-11DE51D2AA46}.Debug|Any CPU.Build.0 = Debug|Any CPU
		{1DF1E043-AC99-4B3B-82C5-11DE51D2AA46}.Release|Any CPU.ActiveCfg = Release|Any CPU
		{1DF1E043-AC99-4B3B-82C5-11DE51D2AA46}.Release|Any CPU.Build.0 = Release|Any CPU
		{F336E00F-5FCC-4836-8EA4-9AEF9DF600F2}.Debug|Any CPU.ActiveCfg = Debug|Any CPU
		{F336E00F-5FCC-4836-8EA4-9AEF9DF600F2}.Debug|Any CPU.Build.0 = Debug|Any CPU
		{F336E00F-5FCC-4836-8EA4-9AEF9DF600F2}.Release|Any CPU.ActiveCfg = Release|Any CPU
		{F336E00F-5FCC-4836-8EA4-9AEF9DF600F2}.Release|Any CPU.Build.0 = Release|Any CPU
		{E47B7F22-D436-4565-9E6D-03947A440113}.Debug|Any CPU.ActiveCfg = Debug|Any CPU
		{E47B7F22-D436-4565-9E6D-03947A440113}.Debug|Any CPU.Build.0 = Debug|Any CPU
		{E47B7F22-D436-4565-9E6D-03947A440113}.Release|Any CPU.ActiveCfg = Release|Any CPU
		{E47B7F22-D436-4565-9E6D-03947A440113}.Release|Any CPU.Build.0 = Release|Any CPU
	EndGlobalSection
EndGlobal
